<Solution>
  <Folder Name="/samples/">
    <Project Path="samples/ContextAssemblyDemo/ContextAssemblyDemo.csproj" />
  </Folder>
  <Folder Name="/src/">
    <Project Path="src/Astra.Cli/Astra.Cli.csproj" />
    <Project Path="src/Astra.Core/Astra.Core.csproj" />
    <Project Path="src/Astra.Providers/Astra.Providers.csproj" />
  </Folder>
  <Folder Name="/tests/">
    <Project Path="tests/Astra.Core.Tests/Astra.Core.Tests.csproj" />
  </Folder>
</Solution>
